# eidolons.lock — auto-generated by 'eidolons sync'. Commit to VCS.
generated_at: "2026-05-16T23:30:50Z"
eidolons_cli_version: "1.0.0"
nexus_commit: "7918f055b8903b83b1ed2a61fb77c3125a200877"
members:
  - name: atlas
    version: "1.5.3"
    resolved: "github:Rynaro/ATLAS@7463d2470d6f78aa3745cd171600ca9c3350d486"
    commit: "7463d2470d6f78aa3745cd171600ca9c3350d486"
    tree: "c7e96e096ac406bdedb449c67a4878ab933f8306"
    archive_sha256: "e636dae92b99f02ebd890cff9d456bed7f97e4812aa46d20208ca9cd3e3ff818"
    manifest_sha256: "8c799d391ec7d5f1275e69642063469e00f0c26db77a7fd2c9150359aef11490"
    verification: "verified"
    target: "./.eidolons/atlas"
    hosts_wired: ["claude-code","copilot"]
  - name: spectra
    version: "4.3.3"
    resolved: "github:Rynaro/SPECTRA@39eabeec99347979eaefc9606988a335d1aaae64"
    commit: "39eabeec99347979eaefc9606988a335d1aaae64"
    tree: "d9e94b384776dee7345f50dcddb07cf018bc764d"
    archive_sha256: "9e03ddbfc420030dcc0e3346c7ad23a768217e7d31a4d4c38c243c6de0bd7f99"
    manifest_sha256: "61f0b8cd3b69c8801312a5c6616b7c8d089bb85742fa76e6d2f190be5acc55b3"
    verification: "verified"
    target: "./.eidolons/spectra"
    hosts_wired: ["claude-code","copilot"]
  - name: apivr
    version: "3.1.3"
    resolved: "github:Rynaro/APIVR-Delta@03bd80d8c3f52d7eef0308556e7783547b4a7564"
    commit: "03bd80d8c3f52d7eef0308556e7783547b4a7564"
    tree: "7cca9d8a3c98034ac6a6e1d304a7935384629726"
    archive_sha256: "7bcf84daba3b78375a2b93b8d803650a344bbc4be530f4ba16c020c19e9d088d"
    manifest_sha256: "22691aa5e1030d6b4756eb3983bda54e2e0cdf2787cefa79ef560ea76b162b6d"
    verification: "verified"
    target: "./.eidolons/apivr"
    hosts_wired: ["claude-code","copilot"]
  - name: idg
    version: "1.2.3"
    resolved: "github:Rynaro/IDG@2f8d81081d35f19c20499b74a5b6ac288e0f2b53"
    commit: "2f8d81081d35f19c20499b74a5b6ac288e0f2b53"
    tree: "f86e008235e7f07f502d9a1854b45b9d3329a0da"
    archive_sha256: "17896cd19f5a838e8c085cb6aee1182cb7a541b3e15ced7818158b594cfa24e1"
    manifest_sha256: "249a9801af4bcf7fbfea5900f5940f840f2eef58832fca782a5698df29210d50"
    verification: "verified"
    target: "./.eidolons/idg"
    hosts_wired: ["claude-code","copilot"]
  - name: forge
    version: "1.3.3"
    resolved: "github:Rynaro/FORGE@15a3b6bf0cf405e92ae86af6c703359c117c5ef3"
    commit: "15a3b6bf0cf405e92ae86af6c703359c117c5ef3"
    tree: "39462e3a7d45006e08280bf0073dbfa903fcc9c5"
    archive_sha256: "40593af7828fef500d3be645362de94af87ede9fe80931047e90ebd1f1557471"
    manifest_sha256: "c8efbe90561476db5e7345647a3dc5f557b265450b1927c550318781d087c723"
    verification: "verified"
    target: "./.eidolons/forge"
    hosts_wired: ["claude-code","copilot"]
  - name: vigil
    version: "1.1.3"
    resolved: "github:Rynaro/VIGIL@11b8aec2d656480dbbfc646a4b754e6e2c0e3457"
    commit: "11b8aec2d656480dbbfc646a4b754e6e2c0e3457"
    tree: "e5084d2cf0cad3b7e4533a4bbbe2aaeaebaae4b2"
    archive_sha256: "7aace249768d10214b47a27f34f8afbc0cdb90e22f2c85676e9bfd2580474520"
    manifest_sha256: "5bcaea964d76f512f72e2706697b2b5c2d8c472d5aed774e0fc2ad8adc8e545d"
    verification: "verified"
    target: "./.eidolons/vigil"
    hosts_wired: ["claude-code","copilot"]
